
Microsoft Visual Studio Solution File, Format Version 12.00
# Visual Studio Version 17
VisualStudioVersion = 17.8.34525.116
MinimumVisualStudioVersion = 10.0.40219.1
Project("{FAE04EC0-301F-11D3-BF4B-00C04F79EFBC}") = "edilData", "edilData\edilData.csproj", "{AA802D57-4766-4565-A0AA-186CB08CB55A}"
EndProject
Global
	GlobalSection(SolutionConfigurationPlatforms) = preSolution
		Debug|Any CPU = Debug|Any CPU
		Release|Any CPU = Release|Any CPU
	EndGlobalSection
	GlobalSection(ProjectConfigurationPlatforms) = postSolution
		{AA802D57-4766-4565-A0AA-186CB08CB55A}.Debug|Any CPU.ActiveCfg = Debug|Any CPU
		{AA802D57-4766-4565-A0AA-186CB08CB55A}.Debug|Any CPU.Build.0 = Debug|Any CPU
		{AA802D57-4766-4565-A0AA-186CB08CB55A}.Release|Any CPU.ActiveCfg = Release|Any CPU
		{AA802D57-4766-4565-A0AA-186CB08CB55A}.Release|Any CPU.Build.0 = Release|Any CPU
	EndGlobalSection
	GlobalSection(SolutionProperties) = preSolution
		HideSolutionNode = FALSE
	EndGlobalSection
	GlobalSection(ExtensibilityGlobals) = postSolution
		SolutionGuid = {988A6992-ABF3-44AC-A08E-34A1C7FC3210}
	EndGlobalSection
EndGlobal
